// !$*UTF8*$!
{
	archiveVersion = 1;
	classes = {
	};
	objectVersion = 52;
	objects = {

/* Begin PBXBuildFile section */
		D60FC23D2602EC0D0038E9E5 /* GymRecordView.swift in Sources */ = {isa = PBXBuildFile; fileRef = D60FC23C2602EC0D0038E9E5 /* GymRecordView.swift */; };
		D60FC2432602EC360038E9E5 /* GymListView.swift in Sources */ = {isa = PBXBuildFile; fileRef = D60FC2422602EC360038E9E5 /* GymListView.swift */; };
		D60FC2472602EC510038E9E5 /* GymCellView.swift in Sources */ = {isa = PBXBuildFile; fileRef = D60FC2462602EC510038E9E5 /* GymCellView.swift */; };
		D60FC24A2602ECA90038E9E5 /* GymModel.swift in Sources */ = {isa = PBXBuildFile; fileRef = D60FC2492602ECA90038E9E5 /* GymModel.swift */; };
		D60FC24D2602EF630038E9E5 /* HikingParkModel.swift in Sources */ = {isa = PBXBuildFile; fileRef = D60FC24C2602EF630038E9E5 /* HikingParkModel.swift */; };
		D60FC2502602EFAF0038E9E5 /* DogPlayground.swift in Sources */ = {isa = PBXBuildFile; fileRef = D60FC24F2602EFAF0038E9E5 /* DogPlayground.swift */; };
		D60FC254260304B50038E9E5 /* CircleImagePlusView.swift in Sources */ = {isa = PBXBuildFile; fileRef = D60FC253260304B50038E9E5 /* CircleImagePlusView.swift */; };
		D60FC257260306990038E9E5 /* LocationMapView.swift in Sources */ = {isa = PBXBuildFile; fileRef = D60FC256260306990038E9E5 /* LocationMapView.swift */; };
		D60FC25B260309050038E9E5 /* MapHelper.swift in Sources */ = {isa = PBXBuildFile; fileRef = D60FC25A260309050038E9E5 /* MapHelper.swift */; };
		D60FC25F2603128F0038E9E5 /* ImageScrollView.swift in Sources */ = {isa = PBXBuildFile; fileRef = D60FC25E2603128F0038E9E5 /* ImageScrollView.swift */; };
		D60FC262260313540038E9E5 /* ScrollBoxView.swift in Sources */ = {isa = PBXBuildFile; fileRef = D60FC261260313540038E9E5 /* ScrollBoxView.swift */; };
		D60FC265260316CC0038E9E5 /* ScrollImageHelper.swift in Sources */ = {isa = PBXBuildFile; fileRef = D60FC264260316CC0038E9E5 /* ScrollImageHelper.swift */; };
		D60FC26926032ECA0038E9E5 /* NavigationBarColorModifier.swift in Sources */ = {isa = PBXBuildFile; fileRef = D60FC26826032ECA0038E9E5 /* NavigationBarColorModifier.swift */; };
		D60FC26D2603387E0038E9E5 /* DirectButtonView.swift in Sources */ = {isa = PBXBuildFile; fileRef = D60FC26C2603387E0038E9E5 /* DirectButtonView.swift */; };
		D60FC271260342D90038E9E5 /* StarButtonView.swift in Sources */ = {isa = PBXBuildFile; fileRef = D60FC270260342D90038E9E5 /* StarButtonView.swift */; };
		D60FC27826037CF00038E9E5 /* Alamofire in Frameworks */ = {isa = PBXBuildFile; productRef = D60FC27726037CF00038E9E5 /* Alamofire */; };
		D60FC27B26037D1F0038E9E5 /* NetworkManager.swift in Sources */ = {isa = PBXBuildFile; fileRef = D60FC27A26037D1F0038E9E5 /* NetworkManager.swift */; };
		D60FC27F26037E9A0038E9E5 /* NetworkAPI.swift in Sources */ = {isa = PBXBuildFile; fileRef = D60FC27E26037E9A0038E9E5 /* NetworkAPI.swift */; };
		D60FC282260381610038E9E5 /* UserData.swift in Sources */ = {isa = PBXBuildFile; fileRef = D60FC281260381610038E9E5 /* UserData.swift */; };
		D60FC288260443570038E9E5 /* Polyline in Frameworks */ = {isa = PBXBuildFile; productRef = D60FC287260443570038E9E5 /* Polyline */; };
		D60FC28B260443C80038E9E5 /* LocationViewModel.swift in Sources */ = {isa = PBXBuildFile; fileRef = D60FC28A260443C80038E9E5 /* LocationViewModel.swift */; };
		D60FC28F26044B7F0038E9E5 /* JoggingGoalInputView.swift in Sources */ = {isa = PBXBuildFile; fileRef = D60FC28E26044B7F0038E9E5 /* JoggingGoalInputView.swift */; };
		D6109393261347EE00C0C6BC /* ConcentricOnboarding in Frameworks */ = {isa = PBXBuildFile; productRef = D6109392261347EE00C0C6BC /* ConcentricOnboarding */; };
		D610939626134A8A00C0C6BC /* OnboardingView.swift in Sources */ = {isa = PBXBuildFile; fileRef = D610939526134A8A00C0C6BC /* OnboardingView.swift */; };
		D610939926134BBB00C0C6BC /* ConcentricOnboardingView.swift in Sources */ = {isa = PBXBuildFile; fileRef = D610939826134BBB00C0C6BC /* ConcentricOnboardingView.swift */; };
		D61A147E260459660049B377 /* UBottomSheet in Frameworks */ = {isa = PBXBuildFile; productRef = D61A147D260459660049B377 /* UBottomSheet */; };
		D61A148226045A830049B377 /* PullUpController in Frameworks */ = {isa = PBXBuildFile; productRef = D61A148126045A830049B377 /* PullUpController */; };
		D61A1485260464030049B377 /* BottomView.swift in Sources */ = {isa = PBXBuildFile; fileRef = D61A1484260464030049B377 /* BottomView.swift */; };
		D61A1488260467130049B377 /* BottomContentView.swift in Sources */ = {isa = PBXBuildFile; fileRef = D61A1487260467130049B377 /* BottomContentView.swift */; };
		D6226EBF261ED65E003F4D9F /* JoggingPathCardModel.swift in Sources */ = {isa = PBXBuildFile; fileRef = D6226EBE261ED65E003F4D9F /* JoggingPathCardModel.swift */; };
		D6226EC2261ED8A9003F4D9F /* CardView.swift in Sources */ = {isa = PBXBuildFile; fileRef = D6226EC1261ED8A9003F4D9F /* CardView.swift */; };
		D6226EC9261EED2A003F4D9F /* FloatingButton in Frameworks */ = {isa = PBXBuildFile; productRef = D6226EC8261EED2A003F4D9F /* FloatingButton */; };
		D6226ECC261EEDC3003F4D9F /* MainButtonJoggingView.swift in Sources */ = {isa = PBXBuildFile; fileRef = D6226ECB261EEDC3003F4D9F /* MainButtonJoggingView.swift */; };
		D6226ECF261EF070003F4D9F /* JoggingMainListButton.swift in Sources */ = {isa = PBXBuildFile; fileRef = D6226ECE261EF070003F4D9F /* JoggingMainListButton.swift */; };
		D6226ED2261EF940003F4D9F /* ScreenIconsAndText.swift in Sources */ = {isa = PBXBuildFile; fileRef = D6226ED1261EF940003F4D9F /* ScreenIconsAndText.swift */; };
		D6226EDE261F0AF6003F4D9F /* LNPopupUI in Frameworks */ = {isa = PBXBuildFile; productRef = D6226EDD261F0AF6003F4D9F /* LNPopupUI */; };
		D6226EDF261F0AF6003F4D9F /* LNPopupUI in Embed Frameworks */ = {isa = PBXBuildFile; productRef = D6226EDD261F0AF6003F4D9F /* LNPopupUI */; settings = {ATTRIBUTES = (CodeSignOnCopy, ); }; };
		D6226EE126200CE8003F4D9F /* CustomizePathView.swift in Sources */ = {isa = PBXBuildFile; fileRef = D6226EE026200CE8003F4D9F /* CustomizePathView.swift */; };
		D6226EE3262016AC003F4D9F /* PathInformationView.swift in Sources */ = {isa = PBXBuildFile; fileRef = D6226EE2262016AC003F4D9F /* PathInformationView.swift */; };
		D6226EE526201BBA003F4D9F /* PathShowView.swift in Sources */ = {isa = PBXBuildFile; fileRef = D6226EE426201BBA003F4D9F /* PathShowView.swift */; };
		D6226EE726202397003F4D9F /* PopularPathView.swift in Sources */ = {isa = PBXBuildFile; fileRef = D6226EE626202397003F4D9F /* PopularPathView.swift */; };
		D6226EE9262034EA003F4D9F /* SensorMapAnnotationView.swift in Sources */ = {isa = PBXBuildFile; fileRef = D6226EE8262034EA003F4D9F /* SensorMapAnnotationView.swift */; };
		D630CA5B2607404E008B9FA9 /* SDWebImageSwiftUI in Frameworks */ = {isa = PBXBuildFile; productRef = D630CA5A2607404E008B9FA9 /* SDWebImageSwiftUI */; };
		D630CA6326088662008B9FA9 /* RoadSituationContentView.swift in Sources */ = {isa = PBXBuildFile; fileRef = D630CA6226088662008B9FA9 /* RoadSituationContentView.swift */; };
		D630CA68260888CA008B9FA9 /* RoadSituationModel.swift in Sources */ = {isa = PBXBuildFile; fileRef = D630CA67260888CA008B9FA9 /* RoadSituationModel.swift */; };
		D630CA6B26088FA2008B9FA9 /* GraphCapsule.swift in Sources */ = {isa = PBXBuildFile; fileRef = D630CA6A26088FA2008B9FA9 /* GraphCapsule.swift */; };
		D630CA6E260891C1008B9FA9 /* TrendGraphView.swift in Sources */ = {isa = PBXBuildFile; fileRef = D630CA6D260891C1008B9FA9 /* TrendGraphView.swift */; };
		D630CA7526089F54008B9FA9 /* Sliders in Frameworks */ = {isa = PBXBuildFile; productRef = D630CA7426089F54008B9FA9 /* Sliders */; };
		D630CA7C2608B47B008B9FA9 /* DigitalClockView.swift in Sources */ = {isa = PBXBuildFile; fileRef = D630CA7B2608B47B008B9FA9 /* DigitalClockView.swift */; };
		D630CA852608BF0F008B9FA9 /* BottomSheet in Frameworks */ = {isa = PBXBuildFile; productRef = D630CA842608BF0F008B9FA9 /* BottomSheet */; };
		D630CA882608C20A008B9FA9 /* PlanButtonView.swift in Sources */ = {isa = PBXBuildFile; fileRef = D630CA872608C20A008B9FA9 /* PlanButtonView.swift */; };
		D630CA8B2608C542008B9FA9 /* PlanView.swift in Sources */ = {isa = PBXBuildFile; fileRef = D630CA8A2608C542008B9FA9 /* PlanView.swift */; };
		D630CA8E260991D1008B9FA9 /* HikingHomeView.swift in Sources */ = {isa = PBXBuildFile; fileRef = D630CA8D260991D1008B9FA9 /* HikingHomeView.swift */; };
		D630CA91260991DF008B9FA9 /* WalkDogHomeView.swift in Sources */ = {isa = PBXBuildFile; fileRef = D630CA90260991DF008B9FA9 /* WalkDogHomeView.swift */; };
		D630CA94260991F2008B9FA9 /* GymHomeView.swift in Sources */ = {isa = PBXBuildFile; fileRef = D630CA93260991F2008B9FA9 /* GymHomeView.swift */; };
		D630CA9726099591008B9FA9 /* LocationFetcher.swift in Sources */ = {isa = PBXBuildFile; fileRef = D630CA9626099591008B9FA9 /* LocationFetcher.swift */; };
		D6313C6C2615A8900079D5F6 /* OnboardingZero.swift in Sources */ = {isa = PBXBuildFile; fileRef = D6313C6B2615A8900079D5F6 /* OnboardingZero.swift */; };
		D63D18CE25FE09460049C1AC /* ActivityModel.swift in Sources */ = {isa = PBXBuildFile; fileRef = D63D18CD25FE09460049C1AC /* ActivityModel.swift */; };
		D63D18D925FF787F0049C1AC /* CircleImageView.swift in Sources */ = {isa = PBXBuildFile; fileRef = D63D18D825FF787E0049C1AC /* CircleImageView.swift */; };
		D65200F825F757B800BA04E9 /* MelbourneRunApp.swift in Sources */ = {isa = PBXBuildFile; fileRef = D65200F725F757B800BA04E9 /* MelbourneRunApp.swift */; };
		D65200FC25F757B900BA04E9 /* Assets.xcassets in Resources */ = {isa = PBXBuildFile; fileRef = D65200FB25F757B900BA04E9 /* Assets.xcassets */; };
		D65200FF25F757B900BA04E9 /* Preview Assets.xcassets in Resources */ = {isa = PBXBuildFile; fileRef = D65200FE25F757B900BA04E9 /* Preview Assets.xcassets */; };
		D652011025F7604900BA04E9 /* LocationProvider in Frameworks */ = {isa = PBXBuildFile; productRef = D652010F25F7604900BA04E9 /* LocationProvider */; };
		D6618466262429CF00DA63AE /* HTMLStringView.swift in Sources */ = {isa = PBXBuildFile; fileRef = D6618465262429CF00DA63AE /* HTMLStringView.swift */; };
		D661846926256B0200DA63AE /* skipButton.swift in Sources */ = {isa = PBXBuildFile; fileRef = D661846826256B0200DA63AE /* skipButton.swift */; };
		D661846C2627002900DA63AE /* ActivityIndicatorView in Frameworks */ = {isa = PBXBuildFile; productRef = D661846B2627002900DA63AE /* ActivityIndicatorView */; };
		D661846F2629CAF700DA63AE /* testView.swift in Sources */ = {isa = PBXBuildFile; fileRef = D661846E2629CAF500DA63AE /* testView.swift */; };
		D6618472262AF93500DA63AE /* URLImage in Frameworks */ = {isa = PBXBuildFile; productRef = D6618471262AF93500DA63AE /* URLImage */; };
		D6708FC7261403F2008FDD79 /* BottomBarItemView.swift in Sources */ = {isa = PBXBuildFile; fileRef = D6708FC3261403F2008FDD79 /* BottomBarItemView.swift */; };
		D6708FC8261403F2008FDD79 /* BottomBar.swift in Sources */ = {isa = PBXBuildFile; fileRef = D6708FC4261403F2008FDD79 /* BottomBar.swift */; };
		D6708FC9261403F2008FDD79 /* BottomBarItem.swift in Sources */ = {isa = PBXBuildFile; fileRef = D6708FC5261403F2008FDD79 /* BottomBarItem.swift */; };
		D6708FCA261403F2008FDD79 /* BarBuilder.swift in Sources */ = {isa = PBXBuildFile; fileRef = D6708FC6261403F2008FDD79 /* BarBuilder.swift */; };
		D6708FCF261408C1008FDD79 /* ActionOver in Frameworks */ = {isa = PBXBuildFile; productRef = D6708FCE261408C1008FDD79 /* ActionOver */; };
		D6708FD526141472008FDD79 /* NavigationbarItemExtension.swift in Sources */ = {isa = PBXBuildFile; fileRef = D6708FD426141472008FDD79 /* NavigationbarItemExtension.swift */; };
		D6708FE32614736A008FDD79 /* Themes.swift in Sources */ = {isa = PBXBuildFile; fileRef = D6708FD92614736A008FDD79 /* Themes.swift */; };
		D6708FE42614736A008FDD79 /* Animations.swift in Sources */ = {isa = PBXBuildFile; fileRef = D6708FDA2614736A008FDD79 /* Animations.swift */; };
		D6708FE52614736A008FDD79 /* AlertX.swift in Sources */ = {isa = PBXBuildFile; fileRef = D6708FDC2614736A008FDD79 /* AlertX.swift */; };
		D6708FE62614736A008FDD79 /* Window.swift in Sources */ = {isa = PBXBuildFile; fileRef = D6708FDD2614736A008FDD79 /* Window.swift */; };
		D6708FE72614736A008FDD79 /* Button.swift in Sources */ = {isa = PBXBuildFile; fileRef = D6708FDE2614736A008FDD79 /* Button.swift */; };
		D6708FE82614736A008FDD79 /* View+Extension.swift in Sources */ = {isa = PBXBuildFile; fileRef = D6708FE02614736A008FDD79 /* View+Extension.swift */; };
		D6708FE92614736A008FDD79 /* AlertXViewController.swift in Sources */ = {isa = PBXBuildFile; fileRef = D6708FE12614736A008FDD79 /* AlertXViewController.swift */; };
		D6708FEA2614736A008FDD79 /* AlertX_View.swift in Sources */ = {isa = PBXBuildFile; fileRef = D6708FE22614736A008FDD79 /* AlertX_View.swift */; };
		D6708FEE26147598008FDD79 /* ShowInformationModel.swift in Sources */ = {isa = PBXBuildFile; fileRef = D6708FED26147598008FDD79 /* ShowInformationModel.swift */; };
		D6708FF226149CCC008FDD79 /* OnboardingOneView.swift in Sources */ = {isa = PBXBuildFile; fileRef = D6708FF126149CCC008FDD79 /* OnboardingOneView.swift */; };
		D6708FF62614A128008FDD79 /* OnboardingTwo.swift in Sources */ = {isa = PBXBuildFile; fileRef = D6708FF52614A128008FDD79 /* OnboardingTwo.swift */; };
		D6708FF92614A57C008FDD79 /* OnboardingThree.swift in Sources */ = {isa = PBXBuildFile; fileRef = D6708FF82614A57C008FDD79 /* OnboardingThree.swift */; };
		D6708FFC2614A73F008FDD79 /* OnboardingFour.swift in Sources */ = {isa = PBXBuildFile; fileRef = D6708FFB2614A73F008FDD79 /* OnboardingFour.swift */; };
		D6708FFF2614A86B008FDD79 /* OnboardingFive.swift in Sources */ = {isa = PBXBuildFile; fileRef = D6708FFE2614A86B008FDD79 /* OnboardingFive.swift */; };
		D67090022614A929008FDD79 /* OnboardingSix.swift in Sources */ = {isa = PBXBuildFile; fileRef = D67090012614A929008FDD79 /* OnboardingSix.swift */; };
		D67A3C1F2622B49700C47CA1 /* RiskLabelView.swift in Sources */ = {isa = PBXBuildFile; fileRef = D67A3C1E2622B49700C47CA1 /* RiskLabelView.swift */; };
		D67A3C222622C08C00C47CA1 /* SSToastMessage in Frameworks */ = {isa = PBXBuildFile; productRef = D67A3C212622C08C00C47CA1 /* SSToastMessage */; };
		D6977B49260AE845001F4B48 /* PermissionsSwiftUI in Frameworks */ = {isa = PBXBuildFile; productRef = D6977B48260AE845001F4B48 /* PermissionsSwiftUI */; };
		D6977B50260AFB82001F4B48 /* LocationStatusModel.swift in Sources */ = {isa = PBXBuildFile; fileRef = D6977B4F260AFB82001F4B48 /* LocationStatusModel.swift */; };
		D6977B8E260B3A73001F4B48 /* SwiftUIRefresh in Frameworks */ = {isa = PBXBuildFile; productRef = D6977B8D260B3A73001F4B48 /* SwiftUIRefresh */; };
		D6977B9F260B4BAF001F4B48 /* PreLaunch.swift in Sources */ = {isa = PBXBuildFile; fileRef = D6977B9E260B4BAF001F4B48 /* PreLaunch.swift */; };
		D6977BA6260C35A9001F4B48 /* BottomBarView.swift in Sources */ = {isa = PBXBuildFile; fileRef = D6977BA5260C35A9001F4B48 /* BottomBarView.swift */; };
		D6977BA9260C3A74001F4B48 /* MainSwitchView.swift in Sources */ = {isa = PBXBuildFile; fileRef = D6977BA8260C3A74001F4B48 /* MainSwitchView.swift */; };
		D6977BAC260C3C15001F4B48 /* HomeView.swift in Sources */ = {isa = PBXBuildFile; fileRef = D6977BAB260C3C15001F4B48 /* HomeView.swift */; };
		D6977BB0260C5A56001F4B48 /* NoDivider.swift in Sources */ = {isa = PBXBuildFile; fileRef = D6977BAF260C5A56001F4B48 /* NoDivider.swift */; };
		D6977BB3260C6A97001F4B48 /* MainStyleButton.swift in Sources */ = {isa = PBXBuildFile; fileRef = D6977BB2260C6A97001F4B48 /* MainStyleButton.swift */; };
		D6977BB7260C855C001F4B48 /* OutDoorHomeView.swift in Sources */ = {isa = PBXBuildFile; fileRef = D6977BB6260C855C001F4B48 /* OutDoorHomeView.swift */; };
		D6977BBB260C85BF001F4B48 /* JoggingHomeView.swift in Sources */ = {isa = PBXBuildFile; fileRef = D6977BBA260C85BF001F4B48 /* JoggingHomeView.swift */; };
		D6977BBE260F5F63001F4B48 /* OnboardingShowView.swift in Sources */ = {isa = PBXBuildFile; fileRef = D6977BBD260F5F63001F4B48 /* OnboardingShowView.swift */; };
		D69B1213261073CC00C086FA /* BuluttanBackgroundView.swift in Sources */ = {isa = PBXBuildFile; fileRef = D69B120F261073CC00C086FA /* BuluttanBackgroundView.swift */; };
		D69B1214261073CC00C086FA /* CurrentObservationView.swift in Sources */ = {isa = PBXBuildFile; fileRef = D69B1210261073CC00C086FA /* CurrentObservationView.swift */; };
		D69B1215261073CC00C086FA /* MainWeatherView.swift in Sources */ = {isa = PBXBuildFile; fileRef = D69B1211261073CC00C086FA /* MainWeatherView.swift */; };
		D69B1216261073CC00C086FA /* TopNavigationBarView.swift in Sources */ = {isa = PBXBuildFile; fileRef = D69B1212261073CC00C086FA /* TopNavigationBarView.swift */; };
		D69B1219261073EF00C086FA /* PreviewFactory.swift in Sources */ = {isa = PBXBuildFile; fileRef = D69B1218261073EF00C086FA /* PreviewFactory.swift */; };
		D69B121D26108CA900C086FA /* SwiftyJSON in Frameworks */ = {isa = PBXBuildFile; productRef = D69B121C26108CA900C086FA /* SwiftyJSON */; };
		D69B1220261092B000C086FA /* WeatherModel.swift in Sources */ = {isa = PBXBuildFile; fileRef = D69B121F261092B000C086FA /* WeatherModel.swift */; };
		D69B12232611CC9C00C086FA /* SafetyPolicyModel.swift in Sources */ = {isa = PBXBuildFile; fileRef = D69B12222611CC9C00C086FA /* SafetyPolicyModel.swift */; };
		D69B12262611D9AF00C086FA /* PolicyView.swift in Sources */ = {isa = PBXBuildFile; fileRef = D69B12252611D9AF00C086FA /* PolicyView.swift */; };
		D69B12292611EE9700C086FA /* LegendView.swift in Sources */ = {isa = PBXBuildFile; fileRef = D69B12282611EE9700C086FA /* LegendView.swift */; };
		D6BC5628261042B70033341E /* AlertToast in Frameworks */ = {isa = PBXBuildFile; productRef = D6BC5627261042B70033341E /* AlertToast */; };
		D6BC562C261048E20033341E /* PositionScrollView in Frameworks */ = {isa = PBXBuildFile; productRef = D6BC562B261048E20033341E /* PositionScrollView */; };
		D6CD21DD25F7A3B700861495 /* MapView.swift in Sources */ = {isa = PBXBuildFile; fileRef = D6CD21DC25F7A3B700861495 /* MapView.swift */; };
		D6CD21EA25F8587900861495 /* CommonVariable.swift in Sources */ = {isa = PBXBuildFile; fileRef = D6CD21E925F8587900861495 /* CommonVariable.swift */; };
		D6CD21F725F8642500861495 /* ImageScrollModel.swift in Sources */ = {isa = PBXBuildFile; fileRef = D6CD21F625F8642500861495 /* ImageScrollModel.swift */; };
/* End PBXBuildFile section */

/* Begin PBXCopyFilesBuildPhase section */
		D6226EDB261F0A08003F4D9F /* Embed Frameworks */ = {
			isa = PBXCopyFilesBuildPhase;
			buildActionMask = 2147483647;
			dstPath = "";
			dstSubfolderSpec = 10;
			files = (
				D6226EDF261F0AF6003F4D9F /* LNPopupUI in Embed Frameworks */,
			);
			name = "Embed Frameworks";
			runOnlyForDeploymentPostprocessing = 0;
		};
/* End PBXCopyFilesBuildPhase section */

/* Begin PBXFileReference section */
		D60FC23C2602EC0D0038E9E5 /* GymRecordView.swift */ = {isa = PBXFileReference; lastKnownFileType = sourcecode.swift; path = GymRecordView.swift; sourceTree = "<group>"; };
		D60FC2422602EC360038E9E5 /* GymListView.swift */ = {isa = PBXFileReference; lastKnownFileType = sourcecode.swift; path = GymListView.swift; sourceTree = "<group>"; };
		D60FC2462602EC510038E9E5 /* GymCellView.swift */ = {isa = PBXFileReference; lastKnownFileType = sourcecode.swift; path = GymCellView.swift; sourceTree = "<group>"; };
		D60FC2492602ECA90038E9E5 /* GymModel.swift */ = {isa = PBXFileReference; lastKnownFileType = sourcecode.swift; path = GymModel.swift; sourceTree = "<group>"; };
		D60FC24C2602EF630038E9E5 /* HikingParkModel.swift */ = {isa = PBXFileReference; lastKnownFileType = sourcecode.swift; path = HikingParkModel.swift; sourceTree = "<group>"; };
		D60FC24F2602EFAF0038E9E5 /* DogPlayground.swift */ = {isa = PBXFileReference; lastKnownFileType = sourcecode.swift; path = DogPlayground.swift; sourceTree = "<group>"; };
		D60FC253260304B50038E9E5 /* CircleImagePlusView.swift */ = {isa = PBXFileReference; lastKnownFileType = sourcecode.swift; path = CircleImagePlusView.swift; sourceTree = "<group>"; };
		D60FC256260306990038E9E5 /* LocationMapView.swift */ = {isa = PBXFileReference; lastKnownFileType = sourcecode.swift; path = LocationMapView.swift; sourceTree = "<group>"; };
		D60FC25A260309050038E9E5 /* MapHelper.swift */ = {isa = PBXFileReference; lastKnownFileType = sourcecode.swift; path = MapHelper.swift; sourceTree = "<group>"; };
		D60FC25E2603128F0038E9E5 /* ImageScrollView.swift */ = {isa = PBXFileReference; lastKnownFileType = sourcecode.swift; path = ImageScrollView.swift; sourceTree = "<group>"; };
		D60FC261260313540038E9E5 /* ScrollBoxView.swift */ = {isa = PBXFileReference; lastKnownFileType = sourcecode.swift; path = ScrollBoxView.swift; sourceTree = "<group>"; };
		D60FC264260316CC0038E9E5 /* ScrollImageHelper.swift */ = {isa = PBXFileReference; lastKnownFileType = sourcecode.swift; path = ScrollImageHelper.swift; sourceTree = "<group>"; };
		D60FC26826032ECA0038E9E5 /* NavigationBarColorModifier.swift */ = {isa = PBXFileReference; lastKnownFileType = sourcecode.swift; path = NavigationBarColorModifier.swift; sourceTree = "<group>"; };
		D60FC26C2603387E0038E9E5 /* DirectButtonView.swift */ = {isa = PBXFileReference; lastKnownFileType = sourcecode.swift; path = DirectButtonView.swift; sourceTree = "<group>"; };
		D60FC270260342D90038E9E5 /* StarButtonView.swift */ = {isa = PBXFileReference; lastKnownFileType = sourcecode.swift; path = StarButtonView.swift; sourceTree = "<group>"; };
		D60FC27A26037D1F0038E9E5 /* NetworkManager.swift */ = {isa = PBXFileReference; lastKnownFileType = sourcecode.swift; path = NetworkManager.swift; sourceTree = "<group>"; };
		D60FC27E26037E9A0038E9E5 /* NetworkAPI.swift */ = {isa = PBXFileReference; lastKnownFileType = sourcecode.swift; path = NetworkAPI.swift; sourceTree = "<group>"; };
		D60FC281260381610038E9E5 /* UserData.swift */ = {isa = PBXFileReference; lastKnownFileType = sourcecode.swift; path = UserData.swift; sourceTree = "<group>"; };
		D60FC28A260443C80038E9E5 /* LocationViewModel.swift */ = {isa = PBXFileReference; lastKnownFileType = sourcecode.swift; path = LocationViewModel.swift; sourceTree = "<group>"; };
		D60FC28E26044B7F0038E9E5 /* JoggingGoalInputView.swift */ = {isa = PBXFileReference; lastKnownFileType = sourcecode.swift; path = JoggingGoalInputView.swift; sourceTree = "<group>"; };
		D610939526134A8A00C0C6BC /* OnboardingView.swift */ = {isa = PBXFileReference; lastKnownFileType = sourcecode.swift; path = OnboardingView.swift; sourceTree = "<group>"; };
		D610939826134BBB00C0C6BC /* ConcentricOnboardingView.swift */ = {isa = PBXFileReference; fileEncoding = 4; lastKnownFileType = sourcecode.swift; path = ConcentricOnboardingView.swift; sourceTree = "<group>"; };
		D61A1484260464030049B377 /* BottomView.swift */ = {isa = PBXFileReference; lastKnownFileType = sourcecode.swift; path = BottomView.swift; sourceTree = "<group>"; };
		D61A1487260467130049B377 /* BottomContentView.swift */ = {isa = PBXFileReference; lastKnownFileType = sourcecode.swift; path = BottomContentView.swift; sourceTree = "<group>"; };
		D6226EBE261ED65E003F4D9F /* JoggingPathCardModel.swift */ = {isa = PBXFileReference; lastKnownFileType = sourcecode.swift; path = JoggingPathCardModel.swift; sourceTree = "<group>"; };
		D6226EC1261ED8A9003F4D9F /* CardView.swift */ = {isa = PBXFileReference; lastKnownFileType = sourcecode.swift; path = CardView.swift; sourceTree = "<group>"; };
		D6226ECB261EEDC3003F4D9F /* MainButtonJoggingView.swift */ = {isa = PBXFileReference; lastKnownFileType = sourcecode.swift; path = MainButtonJoggingView.swift; sourceTree = "<group>"; };
		D6226ECE261EF070003F4D9F /* JoggingMainListButton.swift */ = {isa = PBXFileReference; lastKnownFileType = sourcecode.swift; path = JoggingMainListButton.swift; sourceTree = "<group>"; };
		D6226ED1261EF940003F4D9F /* ScreenIconsAndText.swift */ = {isa = PBXFileReference; lastKnownFileType = sourcecode.swift; path = ScreenIconsAndText.swift; sourceTree = "<group>"; };
		D6226EE026200CE8003F4D9F /* CustomizePathView.swift */ = {isa = PBXFileReference; lastKnownFileType = sourcecode.swift; path = CustomizePathView.swift; sourceTree = "<group>"; };
		D6226EE2262016AC003F4D9F /* PathInformationView.swift */ = {isa = PBXFileReference; lastKnownFileType = sourcecode.swift; path = PathInformationView.swift; sourceTree = "<group>"; };
		D6226EE426201BBA003F4D9F /* PathShowView.swift */ = {isa = PBXFileReference; lastKnownFileType = sourcecode.swift; path = PathShowView.swift; sourceTree = "<group>"; };
		D6226EE626202397003F4D9F /* PopularPathView.swift */ = {isa = PBXFileReference; lastKnownFileType = sourcecode.swift; path = PopularPathView.swift; sourceTree = "<group>"; };
		D6226EE8262034EA003F4D9F /* SensorMapAnnotationView.swift */ = {isa = PBXFileReference; lastKnownFileType = sourcecode.swift; path = SensorMapAnnotationView.swift; sourceTree = "<group>"; };
		D630CA6226088662008B9FA9 /* RoadSituationContentView.swift */ = {isa = PBXFileReference; lastKnownFileType = sourcecode.swift; path = RoadSituationContentView.swift; sourceTree = "<group>"; };
		D630CA67260888CA008B9FA9 /* RoadSituationModel.swift */ = {isa = PBXFileReference; lastKnownFileType = sourcecode.swift; path = RoadSituationModel.swift; sourceTree = "<group>"; };
		D630CA6A26088FA2008B9FA9 /* GraphCapsule.swift */ = {isa = PBXFileReference; lastKnownFileType = sourcecode.swift; path = GraphCapsule.swift; sourceTree = "<group>"; };
		D630CA6D260891C1008B9FA9 /* TrendGraphView.swift */ = {isa = PBXFileReference; lastKnownFileType = sourcecode.swift; path = TrendGraphView.swift; sourceTree = "<group>"; };
		D630CA7B2608B47B008B9FA9 /* DigitalClockView.swift */ = {isa = PBXFileReference; lastKnownFileType = sourcecode.swift; path = DigitalClockView.swift; sourceTree = "<group>"; };
		D630CA872608C20A008B9FA9 /* PlanButtonView.swift */ = {isa = PBXFileReference; lastKnownFileType = sourcecode.swift; path = PlanButtonView.swift; sourceTree = "<group>"; };
		D630CA8A2608C542008B9FA9 /* PlanView.swift */ = {isa = PBXFileReference; lastKnownFileType = sourcecode.swift; path = PlanView.swift; sourceTree = "<group>"; };
		D630CA8D260991D1008B9FA9 /* HikingHomeView.swift */ = {isa = PBXFileReference; lastKnownFileType = sourcecode.swift; path = HikingHomeView.swift; sourceTree = "<group>"; };
		D630CA90260991DF008B9FA9 /* WalkDogHomeView.swift */ = {isa = PBXFileReference; lastKnownFileType = sourcecode.swift; path = WalkDogHomeView.swift; sourceTree = "<group>"; };
		D630CA93260991F2008B9FA9 /* GymHomeView.swift */ = {isa = PBXFileReference; lastKnownFileType = sourcecode.swift; path = GymHomeView.swift; sourceTree = "<group>"; };
		D630CA9626099591008B9FA9 /* LocationFetcher.swift */ = {isa = PBXFileReference; lastKnownFileType = sourcecode.swift; path = LocationFetcher.swift; sourceTree = "<group>"; };
		D6313C6B2615A8900079D5F6 /* OnboardingZero.swift */ = {isa = PBXFileReference; lastKnownFileType = sourcecode.swift; path = OnboardingZero.swift; sourceTree = "<group>"; };
		D63D18CD25FE09460049C1AC /* ActivityModel.swift */ = {isa = PBXFileReference; lastKnownFileType = sourcecode.swift; path = ActivityModel.swift; sourceTree = "<group>"; };
		D63D18D825FF787E0049C1AC /* CircleImageView.swift */ = {isa = PBXFileReference; lastKnownFileType = sourcecode.swift; path = CircleImageView.swift; sourceTree = "<group>"; };
		D65200F425F757B800BA04E9 /* MelbExercise.app */ = {isa = PBXFileReference; explicitFileType = wrapper.application; includeInIndex = 0; path = MelbExercise.app; sourceTree = BUILT_PRODUCTS_DIR; };
		D65200F725F757B800BA04E9 /* MelbourneRunApp.swift */ = {isa = PBXFileReference; lastKnownFileType = sourcecode.swift; path = MelbourneRunApp.swift; sourceTree = "<group>"; };
		D65200FB25F757B900BA04E9 /* Assets.xcassets */ = {isa = PBXFileReference; lastKnownFileType = folder.assetcatalog; path = Assets.xcassets; sourceTree = "<group>"; };
		D65200FE25F757B900BA04E9 /* Preview Assets.xcassets */ = {isa = PBXFileReference; lastKnownFileType = folder.assetcatalog; path = "Preview Assets.xcassets"; sourceTree = "<group>"; };
		D652010025F757B900BA04E9 /* Info.plist */ = {isa = PBXFileReference; lastKnownFileType = text.plist.xml; path = Info.plist; sourceTree = "<group>"; };
		D6618465262429CF00DA63AE /* HTMLStringView.swift */ = {isa = PBXFileReference; lastKnownFileType = sourcecode.swift; path = HTMLStringView.swift; sourceTree = "<group>"; };
		D661846826256B0200DA63AE /* skipButton.swift */ = {isa = PBXFileReference; lastKnownFileType = sourcecode.swift; path = skipButton.swift; sourceTree = "<group>"; };
		D661846E2629CAF500DA63AE /* testView.swift */ = {isa = PBXFileReference; lastKnownFileType = sourcecode.swift; path = testView.swift; sourceTree = "<group>"; };
		D6708FC3261403F2008FDD79 /* BottomBarItemView.swift */ = {isa = PBXFileReference; fileEncoding = 4; lastKnownFileType = sourcecode.swift; path = BottomBarItemView.swift; sourceTree = "<group>"; };
		D6708FC4261403F2008FDD79 /* BottomBar.swift */ = {isa = PBXFileReference; fileEncoding = 4; lastKnownFileType = sourcecode.swift; path = BottomBar.swift; sourceTree = "<group>"; };
		D6708FC5261403F2008FDD79 /* BottomBarItem.swift */ = {isa = PBXFileReference; fileEncoding = 4; lastKnownFileType = sourcecode.swift; path = BottomBarItem.swift; sourceTree = "<group>"; };
		D6708FC6261403F2008FDD79 /* BarBuilder.swift */ = {isa = PBXFileReference; fileEncoding = 4; lastKnownFileType = sourcecode.swift; path = BarBuilder.swift; sourceTree = "<group>"; };
		D6708FD426141472008FDD79 /* NavigationbarItemExtension.swift */ = {isa = PBXFileReference; lastKnownFileType = sourcecode.swift; path = NavigationbarItemExtension.swift; sourceTree = "<group>"; };
		D6708FD92614736A008FDD79 /* Themes.swift */ = {isa = PBXFileReference; fileEncoding = 4; lastKnownFileType = sourcecode.swift; path = Themes.swift; sourceTree = "<group>"; };
		D6708FDA2614736A008FDD79 /* Animations.swift */ = {isa = PBXFileReference; fileEncoding = 4; lastKnownFileType = sourcecode.swift; path = Animations.swift; sourceTree = "<group>"; };
		D6708FDC2614736A008FDD79 /* AlertX.swift */ = {isa = PBXFileReference; fileEncoding = 4; lastKnownFileType = sourcecode.swift; path = AlertX.swift; sourceTree = "<group>"; };
		D6708FDD2614736A008FDD79 /* Window.swift */ = {isa = PBXFileReference; fileEncoding = 4; lastKnownFileType = sourcecode.swift; path = Window.swift; sourceTree = "<group>"; };
		D6708FDE2614736A008FDD79 /* Button.swift */ = {isa = PBXFileReference; fileEncoding = 4; lastKnownFileType = sourcecode.swift; path = Button.swift; sourceTree = "<group>"; };
		D6708FE02614736A008FDD79 /* View+Extension.swift */ = {isa = PBXFileReference; fileEncoding = 4; lastKnownFileType = sourcecode.swift; path = "View+Extension.swift"; sourceTree = "<group>"; };
		D6708FE12614736A008FDD79 /* AlertXViewController.swift */ = {isa = PBXFileReference; fileEncoding = 4; lastKnownFileType = sourcecode.swift; path = AlertXViewController.swift; sourceTree = "<group>"; };
		D6708FE22614736A008FDD79 /* AlertX_View.swift */ = {isa = PBXFileReference; fileEncoding = 4; lastKnownFileType = sourcecode.swift; path = AlertX_View.swift; sourceTree = "<group>"; };
		D6708FED26147598008FDD79 /* ShowInformationModel.swift */ = {isa = PBXFileReference; lastKnownFileType = sourcecode.swift; path = ShowInformationModel.swift; sourceTree = "<group>"; };
		D6708FF126149CCC008FDD79 /* OnboardingOneView.swift */ = {isa = PBXFileReference; lastKnownFileType = sourcecode.swift; path = OnboardingOneView.swift; sourceTree = "<group>"; };
		D6708FF52614A128008FDD79 /* OnboardingTwo.swift */ = {isa = PBXFileReference; lastKnownFileType = sourcecode.swift; path = OnboardingTwo.swift; sourceTree = "<group>"; };
		D6708FF82614A57C008FDD79 /* OnboardingThree.swift */ = {isa = PBXFileReference; lastKnownFileType = sourcecode.swift; path = OnboardingThree.swift; sourceTree = "<group>"; };
		D6708FFB2614A73F008FDD79 /* OnboardingFour.swift */ = {isa = PBXFileReference; lastKnownFileType = sourcecode.swift; path = OnboardingFour.swift; sourceTree = "<group>"; };
		D6708FFE2614A86B008FDD79 /* OnboardingFive.swift */ = {isa = PBXFileReference; lastKnownFileType = sourcecode.swift; path = OnboardingFive.swift; sourceTree = "<group>"; };
		D67090012614A929008FDD79 /* OnboardingSix.swift */ = {isa = PBXFileReference; lastKnownFileType = sourcecode.swift; path = OnboardingSix.swift; sourceTree = "<group>"; };
		D67A3C1E2622B49700C47CA1 /* RiskLabelView.swift */ = {isa = PBXFileReference; lastKnownFileType = sourcecode.swift; path = RiskLabelView.swift; sourceTree = "<group>"; };
		D6977B4F260AFB82001F4B48 /* LocationStatusModel.swift */ = {isa = PBXFileReference; lastKnownFileType = sourcecode.swift; path = LocationStatusModel.swift; sourceTree = "<group>"; };
		D6977B9E260B4BAF001F4B48 /* PreLaunch.swift */ = {isa = PBXFileReference; lastKnownFileType = sourcecode.swift; path = PreLaunch.swift; sourceTree = "<group>"; };
		D6977BA5260C35A9001F4B48 /* BottomBarView.swift */ = {isa = PBXFileReference; lastKnownFileType = sourcecode.swift; path = BottomBarView.swift; sourceTree = "<group>"; };
		D6977BA8260C3A74001F4B48 /* MainSwitchView.swift */ = {isa = PBXFileReference; lastKnownFileType = sourcecode.swift; path = MainSwitchView.swift; sourceTree = "<group>"; };
		D6977BAB260C3C15001F4B48 /* HomeView.swift */ = {isa = PBXFileReference; lastKnownFileType = sourcecode.swift; path = HomeView.swift; sourceTree = "<group>"; };
		D6977BAF260C5A56001F4B48 /* NoDivider.swift */ = {isa = PBXFileReference; lastKnownFileType = sourcecode.swift; path = NoDivider.swift; sourceTree = "<group>"; };
		D6977BB2260C6A97001F4B48 /* MainStyleButton.swift */ = {isa = PBXFileReference; lastKnownFileType = sourcecode.swift; path = MainStyleButton.swift; sourceTree = "<group>"; };
		D6977BB6260C855C001F4B48 /* OutDoorHomeView.swift */ = {isa = PBXFileReference; lastKnownFileType = sourcecode.swift; path = OutDoorHomeView.swift; sourceTree = "<group>"; };
		D6977BBA260C85BF001F4B48 /* JoggingHomeView.swift */ = {isa = PBXFileReference; lastKnownFileType = sourcecode.swift; path = JoggingHomeView.swift; sourceTree = "<group>"; };
		D6977BBD260F5F63001F4B48 /* OnboardingShowView.swift */ = {isa = PBXFileReference; lastKnownFileType = sourcecode.swift; path = OnboardingShowView.swift; sourceTree = "<group>"; };
		D69B120F261073CC00C086FA /* BuluttanBackgroundView.swift */ = {isa = PBXFileReference; fileEncoding = 4; lastKnownFileType = sourcecode.swift; path = BuluttanBackgroundView.swift; sourceTree = "<group>"; };
		D69B1210261073CC00C086FA /* CurrentObservationView.swift */ = {isa = PBXFileReference; fileEncoding = 4; lastKnownFileType = sourcecode.swift; path = CurrentObservationView.swift; sourceTree = "<group>"; };
		D69B1211261073CC00C086FA /* MainWeatherView.swift */ = {isa = PBXFileReference; fileEncoding = 4; lastKnownFileType = sourcecode.swift; path = MainWeatherView.swift; sourceTree = "<group>"; };
		D69B1212261073CC00C086FA /* TopNavigationBarView.swift */ = {isa = PBXFileReference; fileEncoding = 4; lastKnownFileType = sourcecode.swift; path = TopNavigationBarView.swift; sourceTree = "<group>"; };
		D69B1218261073EF00C086FA /* PreviewFactory.swift */ = {isa = PBXFileReference; fileEncoding = 4; lastKnownFileType = sourcecode.swift; path = PreviewFactory.swift; sourceTree = "<group>"; };
		D69B121F261092B000C086FA /* WeatherModel.swift */ = {isa = PBXFileReference; lastKnownFileType = sourcecode.swift; path = WeatherModel.swift; sourceTree = "<group>"; };
		D69B12222611CC9C00C086FA /* SafetyPolicyModel.swift */ = {isa = PBXFileReference; lastKnownFileType = sourcecode.swift; path = SafetyPolicyModel.swift; sourceTree = "<group>"; };
		D69B12252611D9AF00C086FA /* PolicyView.swift */ = {isa = PBXFileReference; lastKnownFileType = sourcecode.swift; path = PolicyView.swift; sourceTree = "<group>"; };
		D69B12282611EE9700C086FA /* LegendView.swift */ = {isa = PBXFileReference; lastKnownFileType = sourcecode.swift; path = LegendView.swift; sourceTree = "<group>"; };
		D6CD21DC25F7A3B700861495 /* MapView.swift */ = {isa = PBXFileReference; lastKnownFileType = sourcecode.swift; path = MapView.swift; sourceTree = "<group>"; };
		D6CD21E125F7B14100861495 /* home.gpx */ = {isa = PBXFileReference; lastKnownFileType = text.xml; name = home.gpx; path = ../../../Downloads/home.gpx; sourceTree = "<group>"; };
		D6CD21E925F8587900861495 /* CommonVariable.swift */ = {isa = PBXFileReference; lastKnownFileType = sourcecode.swift; path = CommonVariable.swift; sourceTree = "<group>"; };
		D6CD21F625F8642500861495 /* ImageScrollModel.swift */ = {isa = PBXFileReference; lastKnownFileType = sourcecode.swift; path = ImageScrollModel.swift; sourceTree = "<group>"; };
/* End PBXFileReference section */

/* Begin PBXFrameworksBuildPhase section */
		D65200F125F757B800BA04E9 /* Frameworks */ = {
			isa = PBXFrameworksBuildPhase;
			buildActionMask = 2147483647;
			files = (
				D6977B8E260B3A73001F4B48 /* SwiftUIRefresh in Frameworks */,
				D630CA5B2607404E008B9FA9 /* SDWebImageSwiftUI in Frameworks */,
				D69B121D26108CA900C086FA /* SwiftyJSON in Frameworks */,
				D6708FCF261408C1008FDD79 /* ActionOver in Frameworks */,
				D6BC5628261042B70033341E /* AlertToast in Frameworks */,
				D6977B49260AE845001F4B48 /* PermissionsSwiftUI in Frameworks */,
				D630CA852608BF0F008B9FA9 /* BottomSheet in Frameworks */,
				D6226EDE261F0AF6003F4D9F /* LNPopupUI in Frameworks */,
				D67A3C222622C08C00C47CA1 /* SSToastMessage in Frameworks */,
				D61A148226045A830049B377 /* PullUpController in Frameworks */,
				D630CA7526089F54008B9FA9 /* Sliders in Frameworks */,
				D652011025F7604900BA04E9 /* LocationProvider in Frameworks */,
				D60FC27826037CF00038E9E5 /* Alamofire in Frameworks */,
				D60FC288260443570038E9E5 /* Polyline in Frameworks */,
				D661846C2627002900DA63AE /* ActivityIndicatorView in Frameworks */,
				D6BC562C261048E20033341E /* PositionScrollView in Frameworks */,
				D61A147E260459660049B377 /* UBottomSheet in Frameworks */,
				D6226EC9261EED2A003F4D9F /* FloatingButton in Frameworks */,
				D6618472262AF93500DA63AE /* URLImage in Frameworks */,
				D6109393261347EE00C0C6BC /* ConcentricOnboarding in Frameworks */,
			);
			runOnlyForDeploymentPostprocessing = 0;
		};
/* End PBXFrameworksBuildPhase section */

/* Begin PBXGroup section */
		D60FC2382602EB870038E9E5 /* Gym */ = {
			isa = PBXGroup;
			children = (
				D60FC23C2602EC0D0038E9E5 /* GymRecordView.swift */,
				D60FC2462602EC510038E9E5 /* GymCellView.swift */,
				D60FC2422602EC360038E9E5 /* GymListView.swift */,
				D630CA93260991F2008B9FA9 /* GymHomeView.swift */,
			);
			path = Gym;
			sourceTree = "<group>";
		};
		D60FC2392602EB910038E9E5 /* WalkDog */ = {
			isa = PBXGroup;
			children = (
				D630CA90260991DF008B9FA9 /* WalkDogHomeView.swift */,
			);
			path = WalkDog;
			sourceTree = "<group>";
		};
		D60FC23A2602EB9F0038E9E5 /* Jogging */ = {
			isa = PBXGroup;
			children = (
				D6CD21DC25F7A3B700861495 /* MapView.swift */,
				D60FC28E26044B7F0038E9E5 /* JoggingGoalInputView.swift */,
				D6977BBA260C85BF001F4B48 /* JoggingHomeView.swift */,
				D6226ED1261EF940003F4D9F /* ScreenIconsAndText.swift */,
				D6226EE026200CE8003F4D9F /* CustomizePathView.swift */,
				D6226EE2262016AC003F4D9F /* PathInformationView.swift */,
				D6226EE426201BBA003F4D9F /* PathShowView.swift */,
				D6226EE626202397003F4D9F /* PopularPathView.swift */,
				D67A3C1E2622B49700C47CA1 /* RiskLabelView.swift */,
			);
			path = Jogging;
			sourceTree = "<group>";
		};
		D60FC23B2602EBA80038E9E5 /* Hiking */ = {
			isa = PBXGroup;
			children = (
				D630CA8D260991D1008B9FA9 /* HikingHomeView.swift */,
			);
			path = Hiking;
			sourceTree = "<group>";
		};
		D60FC259260308F90038E9E5 /* Helper */ = {
			isa = PBXGroup;
			children = (
				D60FC25A260309050038E9E5 /* MapHelper.swift */,
				D60FC264260316CC0038E9E5 /* ScrollImageHelper.swift */,
				D60FC27A26037D1F0038E9E5 /* NetworkManager.swift */,
				D60FC27E26037E9A0038E9E5 /* NetworkAPI.swift */,
				D6977BAF260C5A56001F4B48 /* NoDivider.swift */,
				D6708FD426141472008FDD79 /* NavigationbarItemExtension.swift */,
			);
			path = Helper;
			sourceTree = "<group>";
		};
		D60FC26726032E760038E9E5 /* Modifier */ = {
			isa = PBXGroup;
			children = (
				D60FC26826032ECA0038E9E5 /* NavigationBarColorModifier.swift */,
			);
			path = Modifier;
			sourceTree = "<group>";
		};
		D630CA61260885FB008B9FA9 /* Helper */ = {
			isa = PBXGroup;
			children = (
				D60FC253260304B50038E9E5 /* CircleImagePlusView.swift */,
				D60FC256260306990038E9E5 /* LocationMapView.swift */,
				D60FC261260313540038E9E5 /* ScrollBoxView.swift */,
				D61A1487260467130049B377 /* BottomContentView.swift */,
				D610939826134BBB00C0C6BC /* ConcentricOnboardingView.swift */,
				D61A1484260464030049B377 /* BottomView.swift */,
				D60FC25E2603128F0038E9E5 /* ImageScrollView.swift */,
				D63D18D825FF787E0049C1AC /* CircleImageView.swift */,
				D630CA6226088662008B9FA9 /* RoadSituationContentView.swift */,
				D630CA6A26088FA2008B9FA9 /* GraphCapsule.swift */,
				D630CA6D260891C1008B9FA9 /* TrendGraphView.swift */,
				D610939526134A8A00C0C6BC /* OnboardingView.swift */,
				D630CA7B2608B47B008B9FA9 /* DigitalClockView.swift */,
				D630CA8A2608C542008B9FA9 /* PlanView.swift */,
				D69B12252611D9AF00C086FA /* PolicyView.swift */,
				D69B12282611EE9700C086FA /* LegendView.swift */,
				D6226EC1261ED8A9003F4D9F /* CardView.swift */,
				D6226EE8262034EA003F4D9F /* SensorMapAnnotationView.swift */,
				D6618465262429CF00DA63AE /* HTMLStringView.swift */,
			);
			path = Helper;
			sourceTree = "<group>";
		};
		D65200EB25F757B800BA04E9 = {
			isa = PBXGroup;
			children = (
				D6CD21E125F7B14100861495 /* home.gpx */,
				D65200F625F757B800BA04E9 /* MelbourneRun */,
				D65200F525F757B800BA04E9 /* Products */,
			);
			sourceTree = "<group>";
		};
		D65200F525F757B800BA04E9 /* Products */ = {
			isa = PBXGroup;
			children = (
				D65200F425F757B800BA04E9 /* MelbExercise.app */,
			);
			name = Products;
			sourceTree = "<group>";
		};
		D65200F625F757B800BA04E9 /* MelbourneRun */ = {
			isa = PBXGroup;
			children = (
				D60FC259260308F90038E9E5 /* Helper */,
				D6CD21F025F860C300861495 /* Model */,
				D6CD21E325F7B17E00861495 /* Views */,
				D65200F725F757B800BA04E9 /* MelbourneRunApp.swift */,
				D65200FB25F757B900BA04E9 /* Assets.xcassets */,
				D652010025F757B900BA04E9 /* Info.plist */,
				D65200FD25F757B900BA04E9 /* Preview Content */,
				D6CD21E925F8587900861495 /* CommonVariable.swift */,
			);
			path = MelbourneRun;
			sourceTree = "<group>";
		};
		D65200FD25F757B900BA04E9 /* Preview Content */ = {
			isa = PBXGroup;
			children = (
				D65200FE25F757B900BA04E9 /* Preview Assets.xcassets */,
			);
			path = "Preview Content";
			sourceTree = "<group>";
		};
		D6708FC1261403F2008FDD79 /* Sources */ = {
			isa = PBXGroup;
			children = (
				D6708FD72614736A008FDD79 /* AlertX */,
				D6708FC2261403F2008FDD79 /* BottomBar-SwiftUI */,
			);
			path = Sources;
			sourceTree = "<group>";
		};
		D6708FC2261403F2008FDD79 /* BottomBar-SwiftUI */ = {
			isa = PBXGroup;
			children = (
				D6708FC3261403F2008FDD79 /* BottomBarItemView.swift */,
				D6708FC4261403F2008FDD79 /* BottomBar.swift */,
				D6708FC5261403F2008FDD79 /* BottomBarItem.swift */,
				D6708FC6261403F2008FDD79 /* BarBuilder.swift */,
			);
			path = "BottomBar-SwiftUI";
			sourceTree = "<group>";
		};
		D6708FD72614736A008FDD79 /* AlertX */ = {
			isa = PBXGroup;
			children = (
				D6708FD82614736A008FDD79 /* Options */,
				D6708FDB2614736A008FDD79 /* AlertX-Elements */,
				D6708FDF2614736A008FDD79 /* Essentials */,
			);
			path = AlertX;
			sourceTree = "<group>";
		};
		D6708FD82614736A008FDD79 /* Options */ = {
			isa = PBXGroup;
			children = (
				D6708FD92614736A008FDD79 /* Themes.swift */,
				D6708FDA2614736A008FDD79 /* Animations.swift */,
			);
			path = Options;
			sourceTree = "<group>";
		};
		D6708FDB2614736A008FDD79 /* AlertX-Elements */ = {
			isa = PBXGroup;
			children = (
				D6708FDC2614736A008FDD79 /* AlertX.swift */,
				D6708FDD2614736A008FDD79 /* Window.swift */,
				D6708FDE2614736A008FDD79 /* Button.swift */,
			);
			path = "AlertX-Elements";
			sourceTree = "<group>";
		};
		D6708FDF2614736A008FDD79 /* Essentials */ = {
			isa = PBXGroup;
			children = (
				D6708FE02614736A008FDD79 /* View+Extension.swift */,
				D6708FE12614736A008FDD79 /* AlertXViewController.swift */,
				D6708FE22614736A008FDD79 /* AlertX_View.swift */,
			);
			path = Essentials;
			sourceTree = "<group>";
		};
		D6708FF026149CBD008FDD79 /* Onboarding */ = {
			isa = PBXGroup;
			children = (
				D6708FF126149CCC008FDD79 /* OnboardingOneView.swift */,
				D6708FF52614A128008FDD79 /* OnboardingTwo.swift */,
				D6708FF82614A57C008FDD79 /* OnboardingThree.swift */,
				D6708FFB2614A73F008FDD79 /* OnboardingFour.swift */,
				D6708FFE2614A86B008FDD79 /* OnboardingFive.swift */,
				D67090012614A929008FDD79 /* OnboardingSix.swift */,
				D6313C6B2615A8900079D5F6 /* OnboardingZero.swift */,
			);
			path = Onboarding;
			sourceTree = "<group>";
		};
		D6977BB5260C854D001F4B48 /* OutDoor */ = {
			isa = PBXGroup;
			children = (
				D6977BB6260C855C001F4B48 /* OutDoorHomeView.swift */,
			);
			path = OutDoor;
			sourceTree = "<group>";
		};
		D69B120E261073A000C086FA /* Weather */ = {
			isa = PBXGroup;
			children = (
				D69B120F261073CC00C086FA /* BuluttanBackgroundView.swift */,
				D69B1218261073EF00C086FA /* PreviewFactory.swift */,
				D69B1210261073CC00C086FA /* CurrentObservationView.swift */,
				D69B1211261073CC00C086FA /* MainWeatherView.swift */,
				D69B1212261073CC00C086FA /* TopNavigationBarView.swift */,
			);
			path = Weather;
			sourceTree = "<group>";
		};
		D6CD21E325F7B17E00861495 /* Views */ = {
			isa = PBXGroup;
			children = (
				D6708FF026149CBD008FDD79 /* Onboarding */,
				D6708FC1261403F2008FDD79 /* Sources */,
				D69B120E261073A000C086FA /* Weather */,
				D6977BB5260C854D001F4B48 /* OutDoor */,
				D630CA61260885FB008B9FA9 /* Helper */,
				D60FC26726032E760038E9E5 /* Modifier */,
				D60FC23B2602EBA80038E9E5 /* Hiking */,
				D60FC23A2602EB9F0038E9E5 /* Jogging */,
				D60FC2392602EB910038E9E5 /* WalkDog */,
				D60FC2382602EB870038E9E5 /* Gym */,
				D6CD21EF25F85FDA00861495 /* Button */,
				D6977B9E260B4BAF001F4B48 /* PreLaunch.swift */,
				D6977BA5260C35A9001F4B48 /* BottomBarView.swift */,
				D6977BA8260C3A74001F4B48 /* MainSwitchView.swift */,
				D6977BAB260C3C15001F4B48 /* HomeView.swift */,
				D6977BBD260F5F63001F4B48 /* OnboardingShowView.swift */,
				D661846E2629CAF500DA63AE /* testView.swift */,
			);
			path = Views;
			sourceTree = "<group>";
		};
		D6CD21EF25F85FDA00861495 /* Button */ = {
			isa = PBXGroup;
			children = (
				D60FC26C2603387E0038E9E5 /* DirectButtonView.swift */,
				D60FC270260342D90038E9E5 /* StarButtonView.swift */,
				D630CA872608C20A008B9FA9 /* PlanButtonView.swift */,
				D6977BB2260C6A97001F4B48 /* MainStyleButton.swift */,
				D6226ECB261EEDC3003F4D9F /* MainButtonJoggingView.swift */,
				D6226ECE261EF070003F4D9F /* JoggingMainListButton.swift */,
				D661846826256B0200DA63AE /* skipButton.swift */,
			);
			path = Button;
			sourceTree = "<group>";
		};
		D6CD21F025F860C300861495 /* Model */ = {
			isa = PBXGroup;
			children = (
				D6CD21F625F8642500861495 /* ImageScrollModel.swift */,
				D63D18CD25FE09460049C1AC /* ActivityModel.swift */,
				D60FC2492602ECA90038E9E5 /* GymModel.swift */,
				D60FC24C2602EF630038E9E5 /* HikingParkModel.swift */,
				D60FC24F2602EFAF0038E9E5 /* DogPlayground.swift */,
				D60FC281260381610038E9E5 /* UserData.swift */,
				D60FC28A260443C80038E9E5 /* LocationViewModel.swift */,
				D630CA67260888CA008B9FA9 /* RoadSituationModel.swift */,
				D630CA9626099591008B9FA9 /* LocationFetcher.swift */,
				D6977B4F260AFB82001F4B48 /* LocationStatusModel.swift */,
				D69B121F261092B000C086FA /* WeatherModel.swift */,
				D69B12222611CC9C00C086FA /* SafetyPolicyModel.swift */,
				D6708FED26147598008FDD79 /* ShowInformationModel.swift */,
				D6226EBE261ED65E003F4D9F /* JoggingPathCardModel.swift */,
			);
			path = Model;
			sourceTree = "<group>";
		};
/* End PBXGroup section */

/* Begin PBXNativeTarget section */
		D65200F325F757B800BA04E9 /* MelbExercise */ = {
			isa = PBXNativeTarget;
			buildConfigurationList = D652010325F757B900BA04E9 /* Build configuration list for PBXNativeTarget "MelbExercise" */;
			buildPhases = (
				D65200F025F757B800BA04E9 /* Sources */,
				D65200F125F757B800BA04E9 /* Frameworks */,
				D65200F225F757B800BA04E9 /* Resources */,
				D6226EDB261F0A08003F4D9F /* Embed Frameworks */,
			);
			buildRules = (
			);
			dependencies = (
			);
			name = MelbExercise;
			packageProductDependencies = (
				D652010F25F7604900BA04E9 /* LocationProvider */,
				D60FC27726037CF00038E9E5 /* Alamofire */,
				D60FC287260443570038E9E5 /* Polyline */,
				D61A147D260459660049B377 /* UBottomSheet */,
				D61A148126045A830049B377 /* PullUpController */,
				D630CA5A2607404E008B9FA9 /* SDWebImageSwiftUI */,
				D630CA7426089F54008B9FA9 /* Sliders */,
				D630CA842608BF0F008B9FA9 /* BottomSheet */,
				D6977B48260AE845001F4B48 /* PermissionsSwiftUI */,
				D6977B8D260B3A73001F4B48 /* SwiftUIRefresh */,
				D6BC5627261042B70033341E /* AlertToast */,
				D6BC562B261048E20033341E /* PositionScrollView */,
				D69B121C26108CA900C086FA /* SwiftyJSON */,
				D6109392261347EE00C0C6BC /* ConcentricOnboarding */,
				D6708FCE261408C1008FDD79 /* ActionOver */,
				D6226EC8261EED2A003F4D9F /* FloatingButton */,
				D6226EDD261F0AF6003F4D9F /* LNPopupUI */,
				D67A3C212622C08C00C47CA1 /* SSToastMessage */,
				D661846B2627002900DA63AE /* ActivityIndicatorView */,
				D6618471262AF93500DA63AE /* URLImage */,
			);
			productName = MelbourneRun;
			productReference = D65200F425F757B800BA04E9 /* MelbExercise.app */;
			productType = "com.apple.product-type.application";
		};
/* End PBXNativeTarget section */

/* Begin PBXProject section */
		D65200EC25F757B800BA04E9 /* Project object */ = {
			isa = PBXProject;
			attributes = {
				LastSwiftUpdateCheck = 1240;
				LastUpgradeCheck = 1240;
				TargetAttributes = {
					D65200F325F757B800BA04E9 = {
						CreatedOnToolsVersion = 12.4;
					};
				};
			};
			buildConfigurationList = D65200EF25F757B800BA04E9 /* Build configuration list for PBXProject "MelbExercise" */;
			compatibilityVersion = "Xcode 9.3";
			developmentRegion = en;
			hasScannedForEncodings = 0;
			knownRegions = (
				en,
				Base,
			);
			mainGroup = D65200EB25F757B800BA04E9;
			packageReferences = (
				D652010E25F7604900BA04E9 /* XCRemoteSwiftPackageReference "LocationProvider" */,
				D60FC27626037CF00038E9E5 /* XCRemoteSwiftPackageReference "Alamofire" */,
				D60FC286260443570038E9E5 /* XCRemoteSwiftPackageReference "Polyline" */,
				D61A147C260459660049B377 /* XCRemoteSwiftPackageReference "UBottomSheet" */,
				D61A148026045A830049B377 /* XCRemoteSwiftPackageReference "PullUpController" */,
				D630CA592607404E008B9FA9 /* XCRemoteSwiftPackageReference "SDWebImageSwiftUI" */,
				D630CA7326089F54008B9FA9 /* XCRemoteSwiftPackageReference "swiftui-sliders" */,
				D630CA832608BF0F008B9FA9 /* XCRemoteSwiftPackageReference "bottom-sheet" */,
				D6977B47260AE845001F4B48 /* XCRemoteSwiftPackageReference "PermissionsSwiftUI" */,
				D6977B8C260B3A73001F4B48 /* XCRemoteSwiftPackageReference "SwiftUIRefresh" */,
				D6BC5626261042B70033341E /* XCRemoteSwiftPackageReference "AlertToast" */,
				D6BC562A261048E20033341E /* XCRemoteSwiftPackageReference "PositionScrollView" */,
				D69B121B26108CA900C086FA /* XCRemoteSwiftPackageReference "SwiftyJSON" */,
				D6109391261347EE00C0C6BC /* XCRemoteSwiftPackageReference "ConcentricOnboarding" */,
				D6708FCD261408C1008FDD79 /* XCRemoteSwiftPackageReference "ActionOver" */,
				D6226EC7261EED2A003F4D9F /* XCRemoteSwiftPackageReference "FloatingButton" */,
				D6226EDC261F0AF6003F4D9F /* XCRemoteSwiftPackageReference "LNPopupUI" */,
				D67A3C202622C08C00C47CA1 /* XCRemoteSwiftPackageReference "SSToastMessage" */,
				D661846A2627002900DA63AE /* XCRemoteSwiftPackageReference "ActivityIndicatorView" */,
				D6618470262AF93500DA63AE /* XCRemoteSwiftPackageReference "url-image" */,
			);
			productRefGroup = D65200F525F757B800BA04E9 /* Products */;
			projectDirPath = "";
			projectRoot = "";
			targets = (
				D65200F325F757B800BA04E9 /* MelbExercise */,
			);
		};
/* End PBXProject section */

/* Begin PBXResourcesBuildPhase section */
		D65200F225F757B800BA04E9 /* Resources */ = {
			isa = PBXResourcesBuildPhase;
			buildActionMask = 2147483647;
			files = (
				D65200FF25F757B900BA04E9 /* Preview Assets.xcassets in Resources */,
				D65200FC25F757B900BA04E9 /* Assets.xcassets in Resources */,
			);
			runOnlyForDeploymentPostprocessing = 0;
		};
/* End PBXResourcesBuildPhase section */

/* Begin PBXSourcesBuildPhase section */
		D65200F025F757B800BA04E9 /* Sources */ = {
			isa = PBXSourcesBuildPhase;
			buildActionMask = 2147483647;
			files = (
				D6708FE42614736A008FDD79 /* Animations.swift in Sources */,
				D60FC27B26037D1F0038E9E5 /* NetworkManager.swift in Sources */,
				D60FC26926032ECA0038E9E5 /* NavigationBarColorModifier.swift in Sources */,
				D6226ECF261EF070003F4D9F /* JoggingMainListButton.swift in Sources */,
				D6977BB3260C6A97001F4B48 /* MainStyleButton.swift in Sources */,
				D60FC282260381610038E9E5 /* UserData.swift in Sources */,
				D61A1488260467130049B377 /* BottomContentView.swift in Sources */,
				D69B12232611CC9C00C086FA /* SafetyPolicyModel.swift in Sources */,
				D6708FE82614736A008FDD79 /* View+Extension.swift in Sources */,
				D6708FE52614736A008FDD79 /* AlertX.swift in Sources */,
				D6708FEA2614736A008FDD79 /* AlertX_View.swift in Sources */,
				D630CA7C2608B47B008B9FA9 /* DigitalClockView.swift in Sources */,
				D6708FFF2614A86B008FDD79 /* OnboardingFive.swift in Sources */,
				D6226EBF261ED65E003F4D9F /* JoggingPathCardModel.swift in Sources */,
				D60FC27F26037E9A0038E9E5 /* NetworkAPI.swift in Sources */,
				D60FC26D2603387E0038E9E5 /* DirectButtonView.swift in Sources */,
				D60FC28F26044B7F0038E9E5 /* JoggingGoalInputView.swift in Sources */,
				D60FC2432602EC360038E9E5 /* GymListView.swift in Sources */,
				D60FC254260304B50038E9E5 /* CircleImagePlusView.swift in Sources */,
				D60FC257260306990038E9E5 /* LocationMapView.swift in Sources */,
				D6977BBE260F5F63001F4B48 /* OnboardingShowView.swift in Sources */,
				D61A1485260464030049B377 /* BottomView.swift in Sources */,
				D60FC24A2602ECA90038E9E5 /* GymModel.swift in Sources */,
				D6708FFC2614A73F008FDD79 /* OnboardingFour.swift in Sources */,
				D6226EE126200CE8003F4D9F /* CustomizePathView.swift in Sources */,
				D6226EE726202397003F4D9F /* PopularPathView.swift in Sources */,
				D630CA91260991DF008B9FA9 /* WalkDogHomeView.swift in Sources */,
				D69B12292611EE9700C086FA /* LegendView.swift in Sources */,
				D69B1216261073CC00C086FA /* TopNavigationBarView.swift in Sources */,
				D610939626134A8A00C0C6BC /* OnboardingView.swift in Sources */,
				D60FC265260316CC0038E9E5 /* ScrollImageHelper.swift in Sources */,
				D6977BA9260C3A74001F4B48 /* MainSwitchView.swift in Sources */,
				D6708FD526141472008FDD79 /* NavigationbarItemExtension.swift in Sources */,
				D67A3C1F2622B49700C47CA1 /* RiskLabelView.swift in Sources */,
				D60FC25F2603128F0038E9E5 /* ImageScrollView.swift in Sources */,
				D6977BA6260C35A9001F4B48 /* BottomBarView.swift in Sources */,
				D60FC24D2602EF630038E9E5 /* HikingParkModel.swift in Sources */,
				D6708FCA261403F2008FDD79 /* BarBuilder.swift in Sources */,
				D6708FF226149CCC008FDD79 /* OnboardingOneView.swift in Sources */,
				D60FC28B260443C80038E9E5 /* LocationViewModel.swift in Sources */,
				D60FC2472602EC510038E9E5 /* GymCellView.swift in Sources */,
				D630CA882608C20A008B9FA9 /* PlanButtonView.swift in Sources */,
				D6CD21DD25F7A3B700861495 /* MapView.swift in Sources */,
				D630CA6B26088FA2008B9FA9 /* GraphCapsule.swift in Sources */,
				D630CA8E260991D1008B9FA9 /* HikingHomeView.swift in Sources */,
				D69B1220261092B000C086FA /* WeatherModel.swift in Sources */,
				D6977BAC260C3C15001F4B48 /* HomeView.swift in Sources */,
				D630CA8B2608C542008B9FA9 /* PlanView.swift in Sources */,
				D6708FC8261403F2008FDD79 /* BottomBar.swift in Sources */,
				D6708FC9261403F2008FDD79 /* BottomBarItem.swift in Sources */,
				D6226ED2261EF940003F4D9F /* ScreenIconsAndText.swift in Sources */,
				D6708FE72614736A008FDD79 /* Button.swift in Sources */,
				D69B12262611D9AF00C086FA /* PolicyView.swift in Sources */,
				D6708FEE26147598008FDD79 /* ShowInformationModel.swift in Sources */,
				D60FC23D2602EC0D0038E9E5 /* GymRecordView.swift in Sources */,
				D6708FC7261403F2008FDD79 /* BottomBarItemView.swift in Sources */,
				D630CA94260991F2008B9FA9 /* GymHomeView.swift in Sources */,
				D630CA6326088662008B9FA9 /* RoadSituationContentView.swift in Sources */,
				D6313C6C2615A8900079D5F6 /* OnboardingZero.swift in Sources */,
				D60FC262260313540038E9E5 /* ScrollBoxView.swift in Sources */,
				D69B1213261073CC00C086FA /* BuluttanBackgroundView.swift in Sources */,
				D6708FF92614A57C008FDD79 /* OnboardingThree.swift in Sources */,
				D6618466262429CF00DA63AE /* HTMLStringView.swift in Sources */,
				D63D18D925FF787F0049C1AC /* CircleImageView.swift in Sources */,
				D6CD21EA25F8587900861495 /* CommonVariable.swift in Sources */,
				D67090022614A929008FDD79 /* OnboardingSix.swift in Sources */,
				D60FC2502602EFAF0038E9E5 /* DogPlayground.swift in Sources */,
				D6708FF62614A128008FDD79 /* OnboardingTwo.swift in Sources */,
				D60FC271260342D90038E9E5 /* StarButtonView.swift in Sources */,
				D630CA68260888CA008B9FA9 /* RoadSituationModel.swift in Sources */,
				D63D18CE25FE09460049C1AC /* ActivityModel.swift in Sources */,
				D661846F2629CAF700DA63AE /* testView.swift in Sources */,
				D69B1219261073EF00C086FA /* PreviewFactory.swift in Sources */,
				D6226EE526201BBA003F4D9F /* PathShowView.swift in Sources */,
				D6CD21F725F8642500861495 /* ImageScrollModel.swift in Sources */,
				D661846926256B0200DA63AE /* skipButton.swift in Sources */,
				D6226ECC261EEDC3003F4D9F /* MainButtonJoggingView.swift in Sources */,
				D630CA9726099591008B9FA9 /* LocationFetcher.swift in Sources */,
				D630CA6E260891C1008B9FA9 /* TrendGraphView.swift in Sources */,
				D6977BB7260C855C001F4B48 /* OutDoorHomeView.swift in Sources */,
				D6977BBB260C85BF001F4B48 /* JoggingHomeView.swift in Sources */,
				D6977B9F260B4BAF001F4B48 /* PreLaunch.swift in Sources */,
				D69B1214261073CC00C086FA /* CurrentObservationView.swift in Sources */,
				D6708FE32614736A008FDD79 /* Themes.swift in Sources */,
				D6226EE3262016AC003F4D9F /* PathInformationView.swift in Sources */,
				D6708FE92614736A008FDD79 /* AlertXViewController.swift in Sources */,
				D610939926134BBB00C0C6BC /* ConcentricOnboardingView.swift in Sources */,
				D65200F825F757B800BA04E9 /* MelbourneRunApp.swift in Sources */,
				D6708FE62614736A008FDD79 /* Window.swift in Sources */,
				D6226EE9262034EA003F4D9F /* SensorMapAnnotationView.swift in Sources */,
				D60FC25B260309050038E9E5 /* MapHelper.swift in Sources */,
				D6977BB0260C5A56001F4B48 /* NoDivider.swift in Sources */,
				D69B1215261073CC00C086FA /* MainWeatherView.swift in Sources */,
				D6226EC2261ED8A9003F4D9F /* CardView.swift in Sources */,
				D6977B50260AFB82001F4B48 /* LocationStatusModel.swift in Sources */,
			);
			runOnlyForDeploymentPostprocessing = 0;
		};
/* End PBXSourcesBuildPhase section */

/* Begin XCBuildConfiguration section */
		D652010125F757B900BA04E9 /* Debug */ = {
			isa = XCBuildConfiguration;
			buildSettings = {
				ALWAYS_SEARCH_USER_PATHS = NO;
				CLANG_ANALYZER_NONNULL = YES;
				CLANG_ANALYZER_NUMBER_OBJECT_CONVERSION = YES_AGGRESSIVE;
				CLANG_CXX_LANGUAGE_STANDARD = "gnu++14";
				CLANG_CXX_LIBRARY = "libc++";
				CLANG_ENABLE_MODULES = YES;
				CLANG_ENABLE_OBJC_ARC = YES;
				CLANG_ENABLE_OBJC_WEAK = YES;
				CLANG_WARN_BLOCK_CAPTURE_AUTORELEASING = YES;
				CLANG_WARN_BOOL_CONVERSION = YES;
				CLANG_WARN_COMMA = YES;
				CLANG_WARN_CONSTANT_CONVERSION = YES;
				CLANG_WARN_DEPRECATED_OBJC_IMPLEMENTATIONS = YES;
				CLANG_WARN_DIRECT_OBJC_ISA_USAGE = YES_ERROR;
				CLANG_WARN_DOCUMENTATION_COMMENTS = YES;
				CLANG_WARN_EMPTY_BODY = YES;
				CLANG_WARN_ENUM_CONVERSION = YES;
				CLANG_WARN_INFINITE_RECURSION = YES;
				CLANG_WARN_INT_CONVERSION = YES;
				CLANG_WARN_NON_LITERAL_NULL_CONVERSION = YES;
				CLANG_WARN_OBJC_IMPLICIT_RETAIN_SELF = YES;
				CLANG_WARN_OBJC_LITERAL_CONVERSION = YES;
				CLANG_WARN_OBJC_ROOT_CLASS = YES_ERROR;
				CLANG_WARN_QUOTED_INCLUDE_IN_FRAMEWORK_HEADER = YES;
				CLANG_WARN_RANGE_LOOP_ANALYSIS = YES;
				CLANG_WARN_STRICT_PROTOTYPES = YES;
				CLANG_WARN_SUSPICIOUS_MOVE = YES;
				CLANG_WARN_UNGUARDED_AVAILABILITY = YES_AGGRESSIVE;
				CLANG_WARN_UNREACHABLE_CODE = YES;
				CLANG_WARN__DUPLICATE_METHOD_MATCH = YES;
				COPY_PHASE_STRIP = NO;
				DEBUG_INFORMATION_FORMAT = dwarf;
				ENABLE_STRICT_OBJC_MSGSEND = YES;
				ENABLE_TESTABILITY = YES;
				GCC_C_LANGUAGE_STANDARD = gnu11;
				GCC_DYNAMIC_NO_PIC = NO;
				GCC_NO_COMMON_BLOCKS = YES;
				GCC_OPTIMIZATION_LEVEL = 0;
				GCC_PREPROCESSOR_DEFINITIONS = (
					"DEBUG=1",
					"$(inherited)",
				);
				GCC_WARN_64_TO_32_BIT_CONVERSION = YES;
				GCC_WARN_ABOUT_RETURN_TYPE = YES_ERROR;
				GCC_WARN_UNDECLARED_SELECTOR = YES;
				GCC_WARN_UNINITIALIZED_AUTOS = YES_AGGRESSIVE;
				GCC_WARN_UNUSED_FUNCTION = YES;
				GCC_WARN_UNUSED_VARIABLE = YES;
				IPHONEOS_DEPLOYMENT_TARGET = 14.4;
				MTL_ENABLE_DEBUG_INFO = INCLUDE_SOURCE;
				MTL_FAST_MATH = YES;
				ONLY_ACTIVE_ARCH = YES;
				SDKROOT = iphoneos;
				SWIFT_ACTIVE_COMPILATION_CONDITIONS = DEBUG;
				SWIFT_OPTIMIZATION_LEVEL = "-Onone";
			};
			name = Debug;
		};
		D652010225F757B900BA04E9 /* Release */ = {
			isa = XCBuildConfiguration;
			buildSettings = {
				ALWAYS_SEARCH_USER_PATHS = NO;
				CLANG_ANALYZER_NONNULL = YES;
				CLANG_ANALYZER_NUMBER_OBJECT_CONVERSION = YES_AGGRESSIVE;
				CLANG_CXX_LANGUAGE_STANDARD = "gnu++14";
				CLANG_CXX_LIBRARY = "libc++";
				CLANG_ENABLE_MODULES = YES;
				CLANG_ENABLE_OBJC_ARC = YES;
				CLANG_ENABLE_OBJC_WEAK = YES;
				CLANG_WARN_BLOCK_CAPTURE_AUTORELEASING = YES;
				CLANG_WARN_BOOL_CONVERSION = YES;
				CLANG_WARN_COMMA = YES;
				CLANG_WARN_CONSTANT_CONVERSION = YES;
				CLANG_WARN_DEPRECATED_OBJC_IMPLEMENTATIONS = YES;
				CLANG_WARN_DIRECT_OBJC_ISA_USAGE = YES_ERROR;
				CLANG_WARN_DOCUMENTATION_COMMENTS = YES;
				CLANG_WARN_EMPTY_BODY = YES;
				CLANG_WARN_ENUM_CONVERSION = YES;
				CLANG_WARN_INFINITE_RECURSION = YES;
				CLANG_WARN_INT_CONVERSION = YES;
				CLANG_WARN_NON_LITERAL_NULL_CONVERSION = YES;
				CLANG_WARN_OBJC_IMPLICIT_RETAIN_SELF = YES;
				CLANG_WARN_OBJC_LITERAL_CONVERSION = YES;
				CLANG_WARN_OBJC_ROOT_CLASS = YES_ERROR;
				CLANG_WARN_QUOTED_INCLUDE_IN_FRAMEWORK_HEADER = YES;
				CLANG_WARN_RANGE_LOOP_ANALYSIS = YES;
				CLANG_WARN_STRICT_PROTOTYPES = YES;
				CLANG_WARN_SUSPICIOUS_MOVE = YES;
				CLANG_WARN_UNGUARDED_AVAILABILITY = YES_AGGRESSIVE;
				CLANG_WARN_UNREACHABLE_CODE = YES;
				CLANG_WARN__DUPLICATE_METHOD_MATCH = YES;
				COPY_PHASE_STRIP = NO;
				DEBUG_INFORMATION_FORMAT = "dwarf-with-dsym";
				ENABLE_NS_ASSERTIONS = NO;
				ENABLE_STRICT_OBJC_MSGSEND = YES;
				GCC_C_LANGUAGE_STANDARD = gnu11;
				GCC_NO_COMMON_BLOCKS = YES;
				GCC_WARN_64_TO_32_BIT_CONVERSION = YES;
				GCC_WARN_ABOUT_RETURN_TYPE = YES_ERROR;
				GCC_WARN_UNDECLARED_SELECTOR = YES;
				GCC_WARN_UNINITIALIZED_AUTOS = YES_AGGRESSIVE;
				GCC_WARN_UNUSED_FUNCTION = YES;
				GCC_WARN_UNUSED_VARIABLE = YES;
				IPHONEOS_DEPLOYMENT_TARGET = 14.4;
				MTL_ENABLE_DEBUG_INFO = NO;
				MTL_FAST_MATH = YES;
				SDKROOT = iphoneos;
				SWIFT_COMPILATION_MODE = wholemodule;
				SWIFT_OPTIMIZATION_LEVEL = "-O";
				VALIDATE_PRODUCT = YES;
			};
			name = Release;
		};
		D652010425F757B900BA04E9 /* Debug */ = {
			isa = XCBuildConfiguration;
			buildSettings = {
				ASSETCATALOG_COMPILER_APPICON_NAME = AppIcon;
				ASSETCATALOG_COMPILER_GLOBAL_ACCENT_COLOR_NAME = AccentColor;
				CODE_SIGN_STYLE = Automatic;
				DEVELOPMENT_ASSET_PATHS = "\"MelbourneRun/Preview Content\"";
				DEVELOPMENT_TEAM = 7RV856TBGB;
				ENABLE_PREVIEWS = YES;
				INFOPLIST_FILE = MelbourneRun/Info.plist;
				IPHONEOS_DEPLOYMENT_TARGET = 14.0;
				LD_RUNPATH_SEARCH_PATHS = (
					"$(inherited)",
					"@executable_path/Frameworks",
				);
				PRODUCT_BUNDLE_IDENTIFIER = GaoyuShi.MelbourneRun;
				PRODUCT_NAME = "$(TARGET_NAME)";
				SWIFT_VERSION = 5.0;
				TARGETED_DEVICE_FAMILY = "1,2";
			};
			name = Debug;
		};
		D652010525F757B900BA04E9 /* Release */ = {
			isa = XCBuildConfiguration;
			buildSettings = {
				ASSETCATALOG_COMPILER_APPICON_NAME = AppIcon;
				ASSETCATALOG_COMPILER_GLOBAL_ACCENT_COLOR_NAME = AccentColor;
				CODE_SIGN_STYLE = Automatic;
				DEVELOPMENT_ASSET_PATHS = "\"MelbourneRun/Preview Content\"";
				DEVELOPMENT_TEAM = 7RV856TBGB;
				ENABLE_PREVIEWS = YES;
				INFOPLIST_FILE = MelbourneRun/Info.plist;
				IPHONEOS_DEPLOYMENT_TARGET = 14.0;
				LD_RUNPATH_SEARCH_PATHS = (
					"$(inherited)",
					"@executable_path/Frameworks",
				);
				PRODUCT_BUNDLE_IDENTIFIER = GaoyuShi.MelbourneRun;
				PRODUCT_NAME = "$(TARGET_NAME)";
				SWIFT_VERSION = 5.0;
				TARGETED_DEVICE_FAMILY = "1,2";
			};
			name = Release;
		};
/* End XCBuildConfiguration section */

/* Begin XCConfigurationList section */
		D65200EF25F757B800BA04E9 /* Build configuration list for PBXProject "MelbExercise" */ = {
			isa = XCConfigurationList;
			buildConfigurations = (
				D652010125F757B900BA04E9 /* Debug */,
				D652010225F757B900BA04E9 /* Release */,
			);
			defaultConfigurationIsVisible = 0;
			defaultConfigurationName = Release;
		};
		D652010325F757B900BA04E9 /* Build configuration list for PBXNativeTarget "MelbExercise" */ = {
			isa = XCConfigurationList;
			buildConfigurations = (
				D652010425F757B900BA04E9 /* Debug */,
				D652010525F757B900BA04E9 /* Release */,
			);
			defaultConfigurationIsVisible = 0;
			defaultConfigurationName = Release;
		};
/* End XCConfigurationList section */

/* Begin XCRemoteSwiftPackageReference section */
		D60FC27626037CF00038E9E5 /* XCRemoteSwiftPackageReference "Alamofire" */ = {
			isa = XCRemoteSwiftPackageReference;
			repositoryURL = "https://github.com/Alamofire/Alamofire.git";
			requirement = {
				kind = upToNextMajorVersion;
				minimumVersion = 5.4.1;
			};
		};
		D60FC286260443570038E9E5 /* XCRemoteSwiftPackageReference "Polyline" */ = {
			isa = XCRemoteSwiftPackageReference;
			repositoryURL = "https://github.com/raphaelmor/Polyline.git";
			requirement = {
				kind = upToNextMajorVersion;
				minimumVersion = 5.0.2;
			};
		};
		D6109391261347EE00C0C6BC /* XCRemoteSwiftPackageReference "ConcentricOnboarding" */ = {
			isa = XCRemoteSwiftPackageReference;
			repositoryURL = "https://github.com/exyte/ConcentricOnboarding.git";
			requirement = {
				kind = upToNextMajorVersion;
				minimumVersion = 0.0.6;
			};
		};
		D61A147C260459660049B377 /* XCRemoteSwiftPackageReference "UBottomSheet" */ = {
			isa = XCRemoteSwiftPackageReference;
			repositoryURL = "https://github.com/OfTheWolf/UBottomSheet.git";
			requirement = {
				kind = upToNextMajorVersion;
				minimumVersion = 1.0.9;
			};
		};
		D61A148026045A830049B377 /* XCRemoteSwiftPackageReference "PullUpController" */ = {
			isa = XCRemoteSwiftPackageReference;
			repositoryURL = "https://github.com/MarioIannotta/PullUpController.git";
			requirement = {
				kind = upToNextMajorVersion;
				minimumVersion = 0.8.0;
			};
		};
		D6226EC7261EED2A003F4D9F /* XCRemoteSwiftPackageReference "FloatingButton" */ = {
			isa = XCRemoteSwiftPackageReference;
			repositoryURL = "https://github.com/exyte/FloatingButton.git";
			requirement = {
				kind = upToNextMajorVersion;
				minimumVersion = 0.0.3;
			};
		};
		D6226EDC261F0AF6003F4D9F /* XCRemoteSwiftPackageReference "LNPopupUI" */ = {
			isa = XCRemoteSwiftPackageReference;
			repositoryURL = "https://github.com/LeoNatan/LNPopupUI";
			requirement = {
				kind = upToNextMajorVersion;
				minimumVersion = 1.2.9;
			};
		};
		D630CA592607404E008B9FA9 /* XCRemoteSwiftPackageReference "SDWebImageSwiftUI" */ = {
			isa = XCRemoteSwiftPackageReference;
			repositoryURL = "https://github.com/SDWebImage/SDWebImageSwiftUI.git";
			requirement = {
				kind = upToNextMajorVersion;
				minimumVersion = 2.0.2;
			};
		};
		D630CA7326089F54008B9FA9 /* XCRemoteSwiftPackageReference "swiftui-sliders" */ = {
			isa = XCRemoteSwiftPackageReference;
			repositoryURL = "https://github.com/spacenation/swiftui-sliders.git";
			requirement = {
				kind = upToNextMajorVersion;
				minimumVersion = 1.0.0;
			};
		};
		D630CA832608BF0F008B9FA9 /* XCRemoteSwiftPackageReference "bottom-sheet" */ = {
			isa = XCRemoteSwiftPackageReference;
			repositoryURL = "https://github.com/weitieda/bottom-sheet.git";
			requirement = {
				kind = upToNextMajorVersion;
				minimumVersion = 1.0.6;
			};
		};
		D652010E25F7604900BA04E9 /* XCRemoteSwiftPackageReference "LocationProvider" */ = {
			isa = XCRemoteSwiftPackageReference;
			repositoryURL = "https://github.com/himbeles/LocationProvider.git";
			requirement = {
				kind = upToNextMajorVersion;
				minimumVersion = 1.5.0;
			};
		};
		D661846A2627002900DA63AE /* XCRemoteSwiftPackageReference "ActivityIndicatorView" */ = {
			isa = XCRemoteSwiftPackageReference;
			repositoryURL = "https://github.com/exyte/ActivityIndicatorView.git";
			requirement = {
				kind = upToNextMajorVersion;
				minimumVersion = 0.0.6;
			};
		};
		D6618470262AF93500DA63AE /* XCRemoteSwiftPackageReference "url-image" */ = {
			isa = XCRemoteSwiftPackageReference;
			repositoryURL = "https://github.com/dmytro-anokhin/url-image";
			requirement = {
				kind = upToNextMajorVersion;
				minimumVersion = 2.2.3;
			};
		};
		D6708FCD261408C1008FDD79 /* XCRemoteSwiftPackageReference "ActionOver" */ = {
			isa = XCRemoteSwiftPackageReference;
			repositoryURL = "https://github.com/AndreaMiotto/ActionOver.git";
			requirement = {
				kind = upToNextMajorVersion;
				minimumVersion = 1.0.3;
			};
		};
		D67A3C202622C08C00C47CA1 /* XCRemoteSwiftPackageReference "SSToastMessage" */ = {
			isa = XCRemoteSwiftPackageReference;
			repositoryURL = "https://github.com/SimformSolutionsPvtLtd/SSToastMessage.git";
			requirement = {
				kind = upToNextMajorVersion;
				minimumVersion = 1.0.0;
			};
		};
		D6977B47260AE845001F4B48 /* XCRemoteSwiftPackageReference "PermissionsSwiftUI" */ = {
			isa = XCRemoteSwiftPackageReference;
			repositoryURL = "https://github.com/jevonmao/PermissionsSwiftUI.git";
			requirement = {
				kind = upToNextMajorVersion;
				minimumVersion = 1.3.0;
			};
		};
		D6977B8C260B3A73001F4B48 /* XCRemoteSwiftPackageReference "SwiftUIRefresh" */ = {
			isa = XCRemoteSwiftPackageReference;
			repositoryURL = "https://github.com/siteline/SwiftUIRefresh.git";
			requirement = {
				kind = upToNextMajorVersion;
				minimumVersion = 0.0.3;
			};
		};
		D69B121B26108CA900C086FA /* XCRemoteSwiftPackageReference "SwiftyJSON" */ = {
			isa = XCRemoteSwiftPackageReference;
			repositoryURL = "https://github.com/SwiftyJSON/SwiftyJSON.git";
			requirement = {
				kind = upToNextMajorVersion;
				minimumVersion = 5.0.1;
			};
		};
		D6BC5626261042B70033341E /* XCRemoteSwiftPackageReference "AlertToast" */ = {
			isa = XCRemoteSwiftPackageReference;
			repositoryURL = "https://github.com/elai950/AlertToast.git";
			requirement = {
				kind = upToNextMajorVersion;
				minimumVersion = 1.2.3;
			};
		};
		D6BC562A261048E20033341E /* XCRemoteSwiftPackageReference "PositionScrollView" */ = {
			isa = XCRemoteSwiftPackageReference;
			repositoryURL = "https://github.com/kazuooooo/PositionScrollView.git";
			requirement = {
				kind = upToNextMajorVersion;
				minimumVersion = 1.0.2;
			};
		};
/* End XCRemoteSwiftPackageReference section */

/* Begin XCSwiftPackageProductDependency section */
		D60FC27726037CF00038E9E5 /* Alamofire */ = {
			isa = XCSwiftPackageProductDependency;
			package = D60FC27626037CF00038E9E5 /* XCRemoteSwiftPackageReference "Alamofire" */;
			productName = Alamofire;
		};
		D60FC287260443570038E9E5 /* Polyline */ = {
			isa = XCSwiftPackageProductDependency;
			package = D60FC286260443570038E9E5 /* XCRemoteSwiftPackageReference "Polyline" */;
			productName = Polyline;
		};
		D6109392261347EE00C0C6BC /* ConcentricOnboarding */ = {
			isa = XCSwiftPackageProductDependency;
			package = D6109391261347EE00C0C6BC /* XCRemoteSwiftPackageReference "ConcentricOnboarding" */;
			productName = ConcentricOnboarding;
		};
		D61A147D260459660049B377 /* UBottomSheet */ = {
			isa = XCSwiftPackageProductDependency;
			package = D61A147C260459660049B377 /* XCRemoteSwiftPackageReference "UBottomSheet" */;
			productName = UBottomSheet;
		};
		D61A148126045A830049B377 /* PullUpController */ = {
			isa = XCSwiftPackageProductDependency;
			package = D61A148026045A830049B377 /* XCRemoteSwiftPackageReference "PullUpController" */;
			productName = PullUpController;
		};
		D6226EC8261EED2A003F4D9F /* FloatingButton */ = {
			isa = XCSwiftPackageProductDependency;
			package = D6226EC7261EED2A003F4D9F /* XCRemoteSwiftPackageReference "FloatingButton" */;
			productName = FloatingButton;
		};
		D6226EDD261F0AF6003F4D9F /* LNPopupUI */ = {
			isa = XCSwiftPackageProductDependency;
			package = D6226EDC261F0AF6003F4D9F /* XCRemoteSwiftPackageReference "LNPopupUI" */;
			productName = LNPopupUI;
		};
		D630CA5A2607404E008B9FA9 /* SDWebImageSwiftUI */ = {
			isa = XCSwiftPackageProductDependency;
			package = D630CA592607404E008B9FA9 /* XCRemoteSwiftPackageReference "SDWebImageSwiftUI" */;
			productName = SDWebImageSwiftUI;
		};
		D630CA7426089F54008B9FA9 /* Sliders */ = {
			isa = XCSwiftPackageProductDependency;
			package = D630CA7326089F54008B9FA9 /* XCRemoteSwiftPackageReference "swiftui-sliders" */;
			productName = Sliders;
		};
		D630CA842608BF0F008B9FA9 /* BottomSheet */ = {
			isa = XCSwiftPackageProductDependency;
			package = D630CA832608BF0F008B9FA9 /* XCRemoteSwiftPackageReference "bottom-sheet" */;
			productName = BottomSheet;
		};
		D652010F25F7604900BA04E9 /* LocationProvider */ = {
			isa = XCSwiftPackageProductDependency;
			package = D652010E25F7604900BA04E9 /* XCRemoteSwiftPackageReference "LocationProvider" */;
			productName = LocationProvider;
		};
		D661846B2627002900DA63AE /* ActivityIndicatorView */ = {
			isa = XCSwiftPackageProductDependency;
			package = D661846A2627002900DA63AE /* XCRemoteSwiftPackageReference "ActivityIndicatorView" */;
			productName = ActivityIndicatorView;
		};
		D6618471262AF93500DA63AE /* URLImage */ = {
			isa = XCSwiftPackageProductDependency;
			package = D6618470262AF93500DA63AE /* XCRemoteSwiftPackageReference "url-image" */;
			productName = URLImage;
		};
		D6708FCE261408C1008FDD79 /* ActionOver */ = {
			isa = XCSwiftPackageProductDependency;
			package = D6708FCD261408C1008FDD79 /* XCRemoteSwiftPackageReference "ActionOver" */;
			productName = ActionOver;
		};
		D67A3C212622C08C00C47CA1 /* SSToastMessage */ = {
			isa = XCSwiftPackageProductDependency;
			package = D67A3C202622C08C00C47CA1 /* XCRemoteSwiftPackageReference "SSToastMessage" */;
			productName = SSToastMessage;
		};
		D6977B48260AE845001F4B48 /* PermissionsSwiftUI */ = {
			isa = XCSwiftPackageProductDependency;
			package = D6977B47260AE845001F4B48 /* XCRemoteSwiftPackageReference "PermissionsSwiftUI" */;
			productName = PermissionsSwiftUI;
		};
		D6977B8D260B3A73001F4B48 /* SwiftUIRefresh */ = {
			isa = XCSwiftPackageProductDependency;
			package = D6977B8C260B3A73001F4B48 /* XCRemoteSwiftPackageReference "SwiftUIRefresh" */;
			productName = SwiftUIRefresh;
		};
		D69B121C26108CA900C086FA /* SwiftyJSON */ = {
			isa = XCSwiftPackageProductDependency;
			package = D69B121B26108CA900C086FA /* XCRemoteSwiftPackageReference "SwiftyJSON" */;
			productName = SwiftyJSON;
		};
		D6BC5627261042B70033341E /* AlertToast */ = {
			isa = XCSwiftPackageProductDependency;
			package = D6BC5626261042B70033341E /* XCRemoteSwiftPackageReference "AlertToast" */;
			productName = AlertToast;
		};
		D6BC562B261048E20033341E /* PositionScrollView */ = {
			isa = XCSwiftPackageProductDependency;
			package = D6BC562A261048E20033341E /* XCRemoteSwiftPackageReference "PositionScrollView" */;
			productName = PositionScrollView;
		};
/* End XCSwiftPackageProductDependency section */
	};
	rootObject = D65200EC25F757B800BA04E9 /* Project object */;
}
